
Microsoft Visual Studio Solution File, Format Version 12.00
# Visual Studio 2013
VisualStudioVersion = 12.0.40629.0
MinimumVisualStudioVersion = 10.0.40219.1
Project("{FAE04EC0-301F-11D3-BF4B-00C04F79EFBC}") = "NsbLoggerInjection.Client", "NsbLoggerInjection.Client\NsbLoggerInjection.Client.csproj", "{AE9C0C1F-706D-41CA-B609-EE002520EB38}"
EndProject
Project("{FAE04EC0-301F-11D3-BF4B-00C04F79EFBC}") = "NsbLoggerInjection.Server", "NsbLoggerInjection.Server\NsbLoggerInjection.Server.csproj", "{CC9A5305-A259-4DA7-BC98-FA7FE7B41B64}"
EndProject
Project("{FAE04EC0-301F-11D3-BF4B-00C04F79EFBC}") = "NsbLoggerInjection.Messages", "NsbLoggerInjection.Messages\NsbLoggerInjection.Messages.csproj", "{70624F71-6FF4-4A4E-A4EB-D871C7E68832}"
EndProject
Project("{FAE04EC0-301F-11D3-BF4B-00C04F79EFBC}") = "NsbLoggerInjection.Components", "NsbLoggerInjection.Components\NsbLoggerInjection.Components.csproj", "{6FEE3F06-139F-40B5-BF54-0530F93CACFA}"
EndProject
Project("{FAE04EC0-301F-11D3-BF4B-00C04F79EFBC}") = "NsbLoggerInjection.Log4Net_1_2_10", "NsbLoggerInjection.Log4Net_1_2_10\NsbLoggerInjection.Log4Net_1_2_10.csproj", "{72997417-0FFD-41A1-810C-B1CAA574DBB5}"
EndProject
Global
	GlobalSection(SolutionConfigurationPlatforms) = preSolution
		Debug|Any CPU = Debug|Any CPU
		Release|Any CPU = Release|Any CPU
	EndGlobalSection
	GlobalSection(ProjectConfigurationPlatforms) = postSolution
		{AE9C0C1F-706D-41CA-B609-EE002520EB38}.Debug|Any CPU.ActiveCfg = Debug|Any CPU
		{AE9C0C1F-706D-41CA-B609-EE002520EB38}.Debug|Any CPU.Build.0 = Debug|Any CPU
		{AE9C0C1F-706D-41CA-B609-EE002520EB38}.Release|Any CPU.ActiveCfg = Release|Any CPU
		{AE9C0C1F-706D-41CA-B609-EE002520EB38}.Release|Any CPU.Build.0 = Release|Any CPU
		{CC9A5305-A259-4DA7-BC98-FA7FE7B41B64}.Debug|Any CPU.ActiveCfg = Debug|Any CPU
		{CC9A5305-A259-4DA7-BC98-FA7FE7B41B64}.Debug|Any CPU.Build.0 = Debug|Any CPU
		{CC9A5305-A259-4DA7-BC98-FA7FE7B41B64}.Release|Any CPU.ActiveCfg = Release|Any CPU
		{CC9A5305-A259-4DA7-BC98-FA7FE7B41B64}.Release|Any CPU.Build.0 = Release|Any CPU
		{70624F71-6FF4-4A4E-A4EB-D871C7E68832}.Debug|Any CPU.ActiveCfg = Debug|Any CPU
		{70624F71-6FF4-4A4E-A4EB-D871C7E68832}.Debug|Any CPU.Build.0 = Debug|Any CPU
		{70624F71-6FF4-4A4E-A4EB-D871C7E68832}.Release|Any CPU.ActiveCfg = Release|Any CPU
		{70624F71-6FF4-4A4E-A4EB-D871C7E68832}.Release|Any CPU.Build.0 = Release|Any CPU
		{6FEE3F06-139F-40B5-BF54-0530F93CACFA}.Debug|Any CPU.ActiveCfg = Debug|Any CPU
		{6FEE3F06-139F-40B5-BF54-0530F93CACFA}.Debug|Any CPU.Build.0 = Debug|Any CPU
		{6FEE3F06-139F-40B5-BF54-0530F93CACFA}.Release|Any CPU.ActiveCfg = Release|Any CPU
		{6FEE3F06-139F-40B5-BF54-0530F93CACFA}.Release|Any CPU.Build.0 = Release|Any CPU
		{72997417-0FFD-41A1-810C-B1CAA574DBB5}.Debug|Any CPU.ActiveCfg = Debug|Any CPU
		{72997417-0FFD-41A1-810C-B1CAA574DBB5}.Debug|Any CPU.Build.0 = Debug|Any CPU
		{72997417-0FFD-41A1-810C-B1CAA574DBB5}.Release|Any CPU.ActiveCfg = Release|Any CPU
		{72997417-0FFD-41A1-810C-B1CAA574DBB5}.Release|Any CPU.Build.0 = Release|Any CPU
	EndGlobalSection
	GlobalSection(SolutionProperties) = preSolution
		HideSolutionNode = FALSE
	EndGlobalSection
EndGlobal
